
Microsoft Visual Studio Solution File, Format Version 12.00
# Visual Studio Version 16
VisualStudioVersion = 16.0.30413.136
MinimumVisualStudioVersion = 10.0.40219.1
Project("{FAE04EC0-301F-11D3-BF4B-00C04F79EFBC}") = "SnapGame", "SnapGame.csproj", "{1932DB3F-8850-4FCC-8C80-116075EE39DB}"
EndProject
Global
	GlobalSection(SolutionConfigurationPlatforms) = preSolution
		Debug|Any CPU = Debug|Any CPU
		Release|Any CPU = Release|Any CPU
	EndGlobalSection
	GlobalSection(ProjectConfigurationPlatforms) = postSolution
		{1932DB3F-8850-4FCC-8C80-116075EE39DB}.Debug|Any CPU.ActiveCfg = Debug|Any CPU
		{1932DB3F-8850-4FCC-8C80-116075EE39DB}.Debug|Any CPU.Build.0 = Debug|Any CPU
		{1932DB3F-8850-4FCC-8C80-116075EE39DB}.Release|Any CPU.ActiveCfg = Release|Any CPU
		{1932DB3F-8850-4FCC-8C80-116075EE39DB}.Release|Any CPU.Build.0 = Release|Any CPU
	EndGlobalSection
	GlobalSection(SolutionProperties) = preSolution
		HideSolutionNode = FALSE
	EndGlobalSection
	GlobalSection(ExtensibilityGlobals) = postSolution
		SolutionGuid = {17A1E884-8E1E-4DAA-AF6A-7E91EE2D1E58}
	EndGlobalSection
EndGlobal
